{
  "meteor": {},
  "dependencies": {
    "basePackages": {
      "autoform": {}
    },
    "packages": {
      "autoform": {
        "git": "https://github.com/aldeed/meteor-autoform.git",
        "tag": "v0.17.0",
        "commit": "c6e49dc0563a827eede2861745d7e42ee094f044"
      },
      "simple-schema": {
        "git": "https://github.com/aldeed/meteor-simple-schema.git",
        "tag": "v0.7.0",
        "commit": "77d267aec4ba8a70f677e5d9ef9fb91fb0e3f0f6"
      },
      "collection2": {
        "git": "https://github.com/aldeed/meteor-collection2.git",
        "tag": "v0.4.6",
        "commit": "80554182486be0d8e74f7ed02194a5649d712e27"
      },
      "moment": {
        "git": "https://github.com/acreeger/meteor-moment.git",
        "tag": "v2.8.1",
        "commit": "722ea63783d594341023836b7d418ab2567dab8c"
      }
    }
  }
}
